
Microsoft Visual Studio Solution File, Format Version 12.00
# Visual Studio Version 17
VisualStudioVersion = 17.0.31903.59
MinimumVisualStudioVersion = 10.0.40219.1
Project("{2150E333-8FDC-42A3-9474-1A3956D46DE8}") = "shared", "shared", "{A0000001-0000-0000-0000-000000000001}"
EndProject
Project("{2150E333-8FDC-42A3-9474-1A3956D46DE8}") = "services", "services", "{A0000002-0000-0000-0000-000000000002}"
EndProject
Project("{2150E333-8FDC-42A3-9474-1A3956D46DE8}") = "AuthService", "AuthService", "{A0000003-0000-0000-0000-000000000003}"
EndProject
Project("{FAE04EC0-301F-11D3-BF4B-00C04F79EFBC}") = "ZDrive.Shared", "src\shared\ZDrive.Shared\ZDrive.Shared.csproj", "{B0000001-0000-0000-0000-000000000001}"
EndProject
Project("{FAE04EC0-301F-11D3-BF4B-00C04F79EFBC}") = "ZDrive.AuthService.Domain", "src\services\AuthService\ZDrive.AuthService.Domain\ZDrive.AuthService.Domain.csproj", "{B0000002-0000-0000-0000-000000000002}"
EndProject
Project("{FAE04EC0-301F-11D3-BF4B-00C04F79EFBC}") = "ZDrive.AuthService.Application", "src\services\AuthService\ZDrive.AuthService.Application\ZDrive.AuthService.Application.csproj", "{B0000003-0000-0000-0000-000000000003}"
EndProject
Project("{FAE04EC0-301F-11D3-BF4B-00C04F79EFBC}") = "ZDrive.AuthService.Infrastructure", "src\services\AuthService\ZDrive.AuthService.Infrastructure\ZDrive.AuthService.Infrastructure.csproj", "{B0000004-0000-0000-0000-000000000004}"
EndProject
Project("{FAE04EC0-301F-11D3-BF4B-00C04F79EFBC}") = "ZDrive.ApiGateway", "src\services\ApiGateway\ZDrive.ApiGateway.csproj", "{B0000006-0000-0000-0000-000000000006}"
EndProject
Project("{FAE04EC0-301F-11D3-BF4B-00C04F79EFBC}") = "ZDrive.AuthService.Tests", "src\services\AuthService.Tests\ZDrive.AuthService.Tests.csproj", "{B0000007-0000-0000-0000-000000000007}"
EndProject
Project("{2150E333-8FDC-42A3-9474-1A3956D46DE8}") = "StorageService", "StorageService", "{7343B46B-4CB1-93A0-F6C0-0EF30469260B}"
EndProject
Project("{FAE04EC0-301F-11D3-BF4B-00C04F79EFBC}") = "ZDrive.StorageService.Domain", "src\services\StorageService\ZDrive.StorageService.Domain\ZDrive.StorageService.Domain.csproj", "{6C45D127-C5ED-40B1-A15E-4B4AD1B6B876}"
EndProject
Project("{FAE04EC0-301F-11D3-BF4B-00C04F79EFBC}") = "ZDrive.StorageService.Application", "src\services\StorageService\ZDrive.StorageService.Application\ZDrive.StorageService.Application.csproj", "{FE0FA9DD-F3AC-42AD-B58D-9CE9A959EFAF}"
EndProject
Project("{FAE04EC0-301F-11D3-BF4B-00C04F79EFBC}") = "ZDrive.StorageService.Infrastructure", "src\services\StorageService\ZDrive.StorageService.Infrastructure\ZDrive.StorageService.Infrastructure.csproj", "{2D450C29-54C5-4761-A6FF-BA3F62A7864E}"
EndProject
Project("{FAE04EC0-301F-11D3-BF4B-00C04F79EFBC}") = "ZDrive.StorageService.Tests", "src\services\StorageService.Tests\ZDrive.StorageService.Tests.csproj", "{6024C9B6-A73F-4A0E-A40C-68E288125B61}"
EndProject
Project("{2150E333-8FDC-42A3-9474-1A3956D46DE8}") = "FileService", "FileService", "{A0000004-0000-0000-0000-000000000004}"
EndProject
Project("{FAE04EC0-301F-11D3-BF4B-00C04F79EFBC}") = "ZDrive.FileService.Domain", "src\services\FileService\ZDrive.FileService.Domain\ZDrive.FileService.Domain.csproj", "{C0000001-0000-0000-0000-000000000001}"
EndProject
Project("{FAE04EC0-301F-11D3-BF4B-00C04F79EFBC}") = "ZDrive.FileService.Application", "src\services\FileService\ZDrive.FileService.Application\ZDrive.FileService.Application.csproj", "{C0000002-0000-0000-0000-000000000002}"
EndProject
Project("{FAE04EC0-301F-11D3-BF4B-00C04F79EFBC}") = "ZDrive.FileService.Infrastructure", "src\services\FileService\ZDrive.FileService.Infrastructure\ZDrive.FileService.Infrastructure.csproj", "{C0000003-0000-0000-0000-000000000003}"
EndProject
Project("{FAE04EC0-301F-11D3-BF4B-00C04F79EFBC}") = "ZDrive.FileService.Tests", "src\services\FileService.Tests\ZDrive.FileService.Tests.csproj", "{C0000005-0000-0000-0000-000000000005}"
EndProject
Project("{2150E333-8FDC-42A3-9474-1A3956D46DE8}") = "SyncService", "SyncService", "{9F85CBE9-ED8F-89AC-61B7-6ACD3FAAC367}"
EndProject
Project("{FAE04EC0-301F-11D3-BF4B-00C04F79EFBC}") = "ZDrive.SyncService.Domain", "src\services\SyncService\ZDrive.SyncService.Domain\ZDrive.SyncService.Domain.csproj", "{6C3AE8CE-8901-4066-870C-F740ADA6557B}"
EndProject
Project("{FAE04EC0-301F-11D3-BF4B-00C04F79EFBC}") = "ZDrive.SyncService.Application", "src\services\SyncService\ZDrive.SyncService.Application\ZDrive.SyncService.Application.csproj", "{5CFD8B32-F0B0-4C78-B9F6-CBC52A4A7C5E}"
EndProject
Project("{FAE04EC0-301F-11D3-BF4B-00C04F79EFBC}") = "ZDrive.SyncService.Infrastructure", "src\services\SyncService\ZDrive.SyncService.Infrastructure\ZDrive.SyncService.Infrastructure.csproj", "{C549E5AD-7AD9-4382-83BC-274B5112D1A4}"
EndProject
Project("{FAE04EC0-301F-11D3-BF4B-00C04F79EFBC}") = "ZDrive.SyncService.Tests", "src\services\SyncService.Tests\ZDrive.SyncService.Tests.csproj", "{23D40086-5229-44AD-8001-973C1D930B8A}"
EndProject
Project("{2150E333-8FDC-42A3-9474-1A3956D46DE8}") = "services-phase2", "services-phase2", "{827E0CD3-B72D-47B6-A68D-7590B98EB39B}"
EndProject
Project("{2150E333-8FDC-42A3-9474-1A3956D46DE8}") = "SyncService", "SyncService", "{984BB9B3-3FA3-BE33-9484-CAC21695A33C}"
EndProject
Project("{2150E333-8FDC-42A3-9474-1A3956D46DE8}") = "SyncService.Tests", "SyncService.Tests", "{F5569D29-88C6-1A56-8ECC-9611DD5E4DA5}"
EndProject
Project("{2150E333-8FDC-42A3-9474-1A3956D46DE8}") = "NotificationService", "NotificationService", "{47931FAB-DBE1-FD8F-0AFF-2CD4B99C52C4}"
EndProject
Project("{FAE04EC0-301F-11D3-BF4B-00C04F79EFBC}") = "ZDrive.NotificationService.Domain", "src\services\NotificationService\ZDrive.NotificationService.Domain\ZDrive.NotificationService.Domain.csproj", "{A2E805A6-C122-4920-9AA0-D3196745AAE4}"
EndProject
Project("{FAE04EC0-301F-11D3-BF4B-00C04F79EFBC}") = "ZDrive.NotificationService.Application", "src\services\NotificationService\ZDrive.NotificationService.Application\ZDrive.NotificationService.Application.csproj", "{EA09BDD7-B6EA-4297-8C59-1B2A8142A568}"
EndProject
Project("{FAE04EC0-301F-11D3-BF4B-00C04F79EFBC}") = "ZDrive.NotificationService.Infrastructure", "src\services\NotificationService\ZDrive.NotificationService.Infrastructure\ZDrive.NotificationService.Infrastructure.csproj", "{19DB5E22-9CCB-4B8F-AD5B-3453A074171B}"
EndProject
Project("{FAE04EC0-301F-11D3-BF4B-00C04F79EFBC}") = "ZDrive.NotificationService.Api", "src\services\NotificationService\ZDrive.NotificationService.Api\ZDrive.NotificationService.Api.csproj", "{F2CB650C-9C74-4D01-9454-B6A0E702652B}"
EndProject
Project("{FAE04EC0-301F-11D3-BF4B-00C04F79EFBC}") = "ZDrive.NotificationService.Tests", "src\services\NotificationService.Tests\ZDrive.NotificationService.Tests.csproj", "{6F32B497-59FE-4A64-931A-3F29E209E3BE}"
EndProject
Project("{2150E333-8FDC-42A3-9474-1A3956D46DE8}") = "tools", "tools", "{DCB6FCB8-FF92-AC57-0842-1F72A354D6B1}"
EndProject
Project("{FAE04EC0-301F-11D3-BF4B-00C04F79EFBC}") = "ZDrive.BackupCli", "src\tools\ZDrive.BackupCli\ZDrive.BackupCli.csproj", "{E3AE4324-ED5D-4A91-ABC1-7E87866BDDC9}"
EndProject
Project("{FAE04EC0-301F-11D3-BF4B-00C04F79EFBC}") = "ZDrive.BackupCli.Tests", "src\tools\ZDrive.BackupCli.Tests\ZDrive.BackupCli.Tests.csproj", "{828529CF-90F5-4DAC-A495-DEC7A4B77C7B}"
EndProject
Project("{2150E333-8FDC-42A3-9474-1A3956D46DE8}") = "PhotoService.Tests", "PhotoService.Tests", "{7642D900-ADAD-1CAC-4B90-7F5BCE7E3557}"
EndProject
Project("{FAE04EC0-301F-11D3-BF4B-00C04F79EFBC}") = "ZDrive.PhotoService.Tests", "src\services\PhotoService.Tests\ZDrive.PhotoService.Tests.csproj", "{75C83091-8788-479E-AE90-CFB1402DF352}"
EndProject
Project("{2150E333-8FDC-42A3-9474-1A3956D46DE8}") = "PhotoService", "PhotoService", "{6690B316-CA40-9031-825D-EB41E652A003}"
EndProject
Project("{FAE04EC0-301F-11D3-BF4B-00C04F79EFBC}") = "ZDrive.PhotoService.Application", "src\services\PhotoService\ZDrive.PhotoService.Application\ZDrive.PhotoService.Application.csproj", "{B63FBA42-664B-429B-B5D0-A18CC5DA8CE2}"
EndProject
Project("{FAE04EC0-301F-11D3-BF4B-00C04F79EFBC}") = "ZDrive.PhotoService.Domain", "src\services\PhotoService\ZDrive.PhotoService.Domain\ZDrive.PhotoService.Domain.csproj", "{90E2ABF9-4939-4C04-BCA6-307070A5E607}"
EndProject
Project("{FAE04EC0-301F-11D3-BF4B-00C04F79EFBC}") = "ZDrive.PhotoService.Infrastructure", "src\services\PhotoService\ZDrive.PhotoService.Infrastructure\ZDrive.PhotoService.Infrastructure.csproj", "{388CE226-AB54-48B0-8BCC-1C6D19BBAE24}"
EndProject
Project("{FAE04EC0-301F-11D3-BF4B-00C04F79EFBC}") = "ZDrive.ApiGateway.Tests", "src\services\ApiGateway.Tests\ZDrive.ApiGateway.Tests.csproj", "{B3206547-A6FE-4206-AB38-3FFFA67B67C7}"
EndProject
Project("{FAE04EC0-301F-11D3-BF4B-00C04F79EFBC}") = "ZDrive.Api", "src\services\Api\ZDrive.Api.csproj", "{0C60CACB-41F6-48BC-967B-352322C1A6C2}"
EndProject
Global
	GlobalSection(SolutionConfigurationPlatforms) = preSolution
		Debug|Any CPU = Debug|Any CPU
		Debug|x64 = Debug|x64
		Debug|x86 = Debug|x86
		Release|Any CPU = Release|Any CPU
		Release|x64 = Release|x64
		Release|x86 = Release|x86
	EndGlobalSection
	GlobalSection(ProjectConfigurationPlatforms) = postSolution
		{B0000001-0000-0000-0000-000000000001}.Debug|Any CPU.ActiveCfg = Debug|Any CPU
		{B0000001-0000-0000-0000-000000000001}.Debug|Any CPU.Build.0 = Debug|Any CPU
		{B0000001-0000-0000-0000-000000000001}.Debug|x64.ActiveCfg = Debug|Any CPU
		{B0000001-0000-0000-0000-000000000001}.Debug|x64.Build.0 = Debug|Any CPU
		{B0000001-0000-0000-0000-000000000001}.Debug|x86.ActiveCfg = Debug|Any CPU
		{B0000001-0000-0000-0000-000000000001}.Debug|x86.Build.0 = Debug|Any CPU
		{B0000001-0000-0000-0000-000000000001}.Release|Any CPU.ActiveCfg = Release|Any CPU
		{B0000001-0000-0000-0000-000000000001}.Release|Any CPU.Build.0 = Release|Any CPU
		{B0000001-0000-0000-0000-000000000001}.Release|x64.ActiveCfg = Release|Any CPU
		{B0000001-0000-0000-0000-000000000001}.Release|x64.Build.0 = Release|Any CPU
		{B0000001-0000-0000-0000-000000000001}.Release|x86.ActiveCfg = Release|Any CPU
		{B0000001-0000-0000-0000-000000000001}.Release|x86.Build.0 = Release|Any CPU
		{B0000002-0000-0000-0000-000000000002}.Debug|Any CPU.ActiveCfg = Debug|Any CPU
		{B0000002-0000-0000-0000-000000000002}.Debug|Any CPU.Build.0 = Debug|Any CPU
		{B0000002-0000-0000-0000-000000000002}.Debug|x64.ActiveCfg = Debug|Any CPU
		{B0000002-0000-0000-0000-000000000002}.Debug|x64.Build.0 = Debug|Any CPU
		{B0000002-0000-0000-0000-000000000002}.Debug|x86.ActiveCfg = Debug|Any CPU
		{B0000002-0000-0000-0000-000000000002}.Debug|x86.Build.0 = Debug|Any CPU
		{B0000002-0000-0000-0000-000000000002}.Release|Any CPU.ActiveCfg = Release|Any CPU
		{B0000002-0000-0000-0000-000000000002}.Release|Any CPU.Build.0 = Release|Any CPU
		{B0000002-0000-0000-0000-000000000002}.Release|x64.ActiveCfg = Release|Any CPU
		{B0000002-0000-0000-0000-000000000002}.Release|x64.Build.0 = Release|Any CPU
		{B0000002-0000-0000-0000-000000000002}.Release|x86.ActiveCfg = Release|Any CPU
		{B0000002-0000-0000-0000-000000000002}.Release|x86.Build.0 = Release|Any CPU
		{B0000003-0000-0000-0000-000000000003}.Debug|Any CPU.ActiveCfg = Debug|Any CPU
		{B0000003-0000-0000-0000-000000000003}.Debug|Any CPU.Build.0 = Debug|Any CPU
		{B0000003-0000-0000-0000-000000000003}.Debug|x64.ActiveCfg = Debug|Any CPU
		{B0000003-0000-0000-0000-000000000003}.Debug|x64.Build.0 = Debug|Any CPU
		{B0000003-0000-0000-0000-000000000003}.Debug|x86.ActiveCfg = Debug|Any CPU
		{B0000003-0000-0000-0000-000000000003}.Debug|x86.Build.0 = Debug|Any CPU
		{B0000003-0000-0000-0000-000000000003}.Release|Any CPU.ActiveCfg = Release|Any CPU
		{B0000003-0000-0000-0000-000000000003}.Release|Any CPU.Build.0 = Release|Any CPU
		{B0000003-0000-0000-0000-000000000003}.Release|x64.ActiveCfg = Release|Any CPU
		{B0000003-0000-0000-0000-000000000003}.Release|x64.Build.0 = Release|Any CPU
		{B0000003-0000-0000-0000-000000000003}.Release|x86.ActiveCfg = Release|Any CPU
		{B0000003-0000-0000-0000-000000000003}.Release|x86.Build.0 = Release|Any CPU
		{B0000004-0000-0000-0000-000000000004}.Debug|Any CPU.ActiveCfg = Debug|Any CPU
		{B0000004-0000-0000-0000-000000000004}.Debug|Any CPU.Build.0 = Debug|Any CPU
		{B0000004-0000-0000-0000-000000000004}.Debug|x64.ActiveCfg = Debug|Any CPU
		{B0000004-0000-0000-0000-000000000004}.Debug|x64.Build.0 = Debug|Any CPU
		{B0000004-0000-0000-0000-000000000004}.Debug|x86.ActiveCfg = Debug|Any CPU
		{B0000004-0000-0000-0000-000000000004}.Debug|x86.Build.0 = Debug|Any CPU
		{B0000004-0000-0000-0000-000000000004}.Release|Any CPU.ActiveCfg = Release|Any CPU
		{B0000004-0000-0000-0000-000000000004}.Release|Any CPU.Build.0 = Release|Any CPU
		{B0000004-0000-0000-0000-000000000004}.Release|x64.ActiveCfg = Release|Any CPU
		{B0000004-0000-0000-0000-000000000004}.Release|x64.Build.0 = Release|Any CPU
		{B0000004-0000-0000-0000-000000000004}.Release|x86.ActiveCfg = Release|Any CPU
		{B0000004-0000-0000-0000-000000000004}.Release|x86.Build.0 = Release|Any CPU
		{B0000006-0000-0000-0000-000000000006}.Debug|Any CPU.ActiveCfg = Debug|Any CPU
		{B0000006-0000-0000-0000-000000000006}.Debug|Any CPU.Build.0 = Debug|Any CPU
		{B0000006-0000-0000-0000-000000000006}.Debug|x64.ActiveCfg = Debug|Any CPU
		{B0000006-0000-0000-0000-000000000006}.Debug|x64.Build.0 = Debug|Any CPU
		{B0000006-0000-0000-0000-000000000006}.Debug|x86.ActiveCfg = Debug|Any CPU
		{B0000006-0000-0000-0000-000000000006}.Debug|x86.Build.0 = Debug|Any CPU
		{B0000006-0000-0000-0000-000000000006}.Release|Any CPU.ActiveCfg = Release|Any CPU
		{B0000006-0000-0000-0000-000000000006}.Release|Any CPU.Build.0 = Release|Any CPU
		{B0000006-0000-0000-0000-000000000006}.Release|x64.ActiveCfg = Release|Any CPU
		{B0000006-0000-0000-0000-000000000006}.Release|x64.Build.0 = Release|Any CPU
		{B0000006-0000-0000-0000-000000000006}.Release|x86.ActiveCfg = Release|Any CPU
		{B0000006-0000-0000-0000-000000000006}.Release|x86.Build.0 = Release|Any CPU
		{B0000007-0000-0000-0000-000000000007}.Debug|Any CPU.ActiveCfg = Debug|Any CPU
		{B0000007-0000-0000-0000-000000000007}.Debug|Any CPU.Build.0 = Debug|Any CPU
		{B0000007-0000-0000-0000-000000000007}.Debug|x64.ActiveCfg = Debug|Any CPU
		{B0000007-0000-0000-0000-000000000007}.Debug|x64.Build.0 = Debug|Any CPU
		{B0000007-0000-0000-0000-000000000007}.Debug|x86.ActiveCfg = Debug|Any CPU
		{B0000007-0000-0000-0000-000000000007}.Debug|x86.Build.0 = Debug|Any CPU
		{B0000007-0000-0000-0000-000000000007}.Release|Any CPU.ActiveCfg = Release|Any CPU
		{B0000007-0000-0000-0000-000000000007}.Release|Any CPU.Build.0 = Release|Any CPU
		{B0000007-0000-0000-0000-000000000007}.Release|x64.ActiveCfg = Release|Any CPU
		{B0000007-0000-0000-0000-000000000007}.Release|x64.Build.0 = Release|Any CPU
		{B0000007-0000-0000-0000-000000000007}.Release|x86.ActiveCfg = Release|Any CPU
		{B0000007-0000-0000-0000-000000000007}.Release|x86.Build.0 = Release|Any CPU
		{6C45D127-C5ED-40B1-A15E-4B4AD1B6B876}.Debug|Any CPU.ActiveCfg = Debug|Any CPU
		{6C45D127-C5ED-40B1-A15E-4B4AD1B6B876}.Debug|Any CPU.Build.0 = Debug|Any CPU
		{6C45D127-C5ED-40B1-A15E-4B4AD1B6B876}.Debug|x64.ActiveCfg = Debug|Any CPU
		{6C45D127-C5ED-40B1-A15E-4B4AD1B6B876}.Debug|x64.Build.0 = Debug|Any CPU
		{6C45D127-C5ED-40B1-A15E-4B4AD1B6B876}.Debug|x86.ActiveCfg = Debug|Any CPU
		{6C45D127-C5ED-40B1-A15E-4B4AD1B6B876}.Debug|x86.Build.0 = Debug|Any CPU
		{6C45D127-C5ED-40B1-A15E-4B4AD1B6B876}.Release|Any CPU.ActiveCfg = Release|Any CPU
		{6C45D127-C5ED-40B1-A15E-4B4AD1B6B876}.Release|Any CPU.Build.0 = Release|Any CPU
		{6C45D127-C5ED-40B1-A15E-4B4AD1B6B876}.Release|x64.ActiveCfg = Release|Any CPU
		{6C45D127-C5ED-40B1-A15E-4B4AD1B6B876}.Release|x64.Build.0 = Release|Any CPU
		{6C45D127-C5ED-40B1-A15E-4B4AD1B6B876}.Release|x86.ActiveCfg = Release|Any CPU
		{6C45D127-C5ED-40B1-A15E-4B4AD1B6B876}.Release|x86.Build.0 = Release|Any CPU
		{FE0FA9DD-F3AC-42AD-B58D-9CE9A959EFAF}.Debug|Any CPU.ActiveCfg = Debug|Any CPU
		{FE0FA9DD-F3AC-42AD-B58D-9CE9A959EFAF}.Debug|Any CPU.Build.0 = Debug|Any CPU
		{FE0FA9DD-F3AC-42AD-B58D-9CE9A959EFAF}.Debug|x64.ActiveCfg = Debug|Any CPU
		{FE0FA9DD-F3AC-42AD-B58D-9CE9A959EFAF}.Debug|x64.Build.0 = Debug|Any CPU
		{FE0FA9DD-F3AC-42AD-B58D-9CE9A959EFAF}.Debug|x86.ActiveCfg = Debug|Any CPU
		{FE0FA9DD-F3AC-42AD-B58D-9CE9A959EFAF}.Debug|x86.Build.0 = Debug|Any CPU
		{FE0FA9DD-F3AC-42AD-B58D-9CE9A959EFAF}.Release|Any CPU.ActiveCfg = Release|Any CPU
		{FE0FA9DD-F3AC-42AD-B58D-9CE9A959EFAF}.Release|Any CPU.Build.0 = Release|Any CPU
		{FE0FA9DD-F3AC-42AD-B58D-9CE9A959EFAF}.Release|x64.ActiveCfg = Release|Any CPU
		{FE0FA9DD-F3AC-42AD-B58D-9CE9A959EFAF}.Release|x64.Build.0 = Release|Any CPU
		{FE0FA9DD-F3AC-42AD-B58D-9CE9A959EFAF}.Release|x86.ActiveCfg = Release|Any CPU
		{FE0FA9DD-F3AC-42AD-B58D-9CE9A959EFAF}.Release|x86.Build.0 = Release|Any CPU
		{2D450C29-54C5-4761-A6FF-BA3F62A7864E}.Debug|Any CPU.ActiveCfg = Debug|Any CPU
		{2D450C29-54C5-4761-A6FF-BA3F62A7864E}.Debug|Any CPU.Build.0 = Debug|Any CPU
		{2D450C29-54C5-4761-A6FF-BA3F62A7864E}.Debug|x64.ActiveCfg = Debug|Any CPU
		{2D450C29-54C5-4761-A6FF-BA3F62A7864E}.Debug|x64.Build.0 = Debug|Any CPU
		{2D450C29-54C5-4761-A6FF-BA3F62A7864E}.Debug|x86.ActiveCfg = Debug|Any CPU
		{2D450C29-54C5-4761-A6FF-BA3F62A7864E}.Debug|x86.Build.0 = Debug|Any CPU
		{2D450C29-54C5-4761-A6FF-BA3F62A7864E}.Release|Any CPU.ActiveCfg = Release|Any CPU
		{2D450C29-54C5-4761-A6FF-BA3F62A7864E}.Release|Any CPU.Build.0 = Release|Any CPU
		{2D450C29-54C5-4761-A6FF-BA3F62A7864E}.Release|x64.ActiveCfg = Release|Any CPU
		{2D450C29-54C5-4761-A6FF-BA3F62A7864E}.Release|x64.Build.0 = Release|Any CPU
		{2D450C29-54C5-4761-A6FF-BA3F62A7864E}.Release|x86.ActiveCfg = Release|Any CPU
		{2D450C29-54C5-4761-A6FF-BA3F62A7864E}.Release|x86.Build.0 = Release|Any CPU
		{6024C9B6-A73F-4A0E-A40C-68E288125B61}.Debug|Any CPU.ActiveCfg = Debug|Any CPU
		{6024C9B6-A73F-4A0E-A40C-68E288125B61}.Debug|Any CPU.Build.0 = Debug|Any CPU
		{6024C9B6-A73F-4A0E-A40C-68E288125B61}.Debug|x64.ActiveCfg = Debug|Any CPU
		{6024C9B6-A73F-4A0E-A40C-68E288125B61}.Debug|x64.Build.0 = Debug|Any CPU
		{6024C9B6-A73F-4A0E-A40C-68E288125B61}.Debug|x86.ActiveCfg = Debug|Any CPU
		{6024C9B6-A73F-4A0E-A40C-68E288125B61}.Debug|x86.Build.0 = Debug|Any CPU
		{6024C9B6-A73F-4A0E-A40C-68E288125B61}.Release|Any CPU.ActiveCfg = Release|Any CPU
		{6024C9B6-A73F-4A0E-A40C-68E288125B61}.Release|Any CPU.Build.0 = Release|Any CPU
		{6024C9B6-A73F-4A0E-A40C-68E288125B61}.Release|x64.ActiveCfg = Release|Any CPU
		{6024C9B6-A73F-4A0E-A40C-68E288125B61}.Release|x64.Build.0 = Release|Any CPU
		{6024C9B6-A73F-4A0E-A40C-68E288125B61}.Release|x86.ActiveCfg = Release|Any CPU
		{6024C9B6-A73F-4A0E-A40C-68E288125B61}.Release|x86.Build.0 = Release|Any CPU
		{C0000001-0000-0000-0000-000000000001}.Debug|Any CPU.ActiveCfg = Debug|Any CPU
		{C0000001-0000-0000-0000-000000000001}.Debug|Any CPU.Build.0 = Debug|Any CPU
		{C0000001-0000-0000-0000-000000000001}.Debug|x64.ActiveCfg = Debug|Any CPU
		{C0000001-0000-0000-0000-000000000001}.Debug|x64.Build.0 = Debug|Any CPU
		{C0000001-0000-0000-0000-000000000001}.Debug|x86.ActiveCfg = Debug|Any CPU
		{C0000001-0000-0000-0000-000000000001}.Debug|x86.Build.0 = Debug|Any CPU
		{C0000001-0000-0000-0000-000000000001}.Release|Any CPU.ActiveCfg = Release|Any CPU
		{C0000001-0000-0000-0000-000000000001}.Release|Any CPU.Build.0 = Release|Any CPU
		{C0000001-0000-0000-0000-000000000001}.Release|x64.ActiveCfg = Release|Any CPU
		{C0000001-0000-0000-0000-000000000001}.Release|x64.Build.0 = Release|Any CPU
		{C0000001-0000-0000-0000-000000000001}.Release|x86.ActiveCfg = Release|Any CPU
		{C0000001-0000-0000-0000-000000000001}.Release|x86.Build.0 = Release|Any CPU
		{C0000002-0000-0000-0000-000000000002}.Debug|Any CPU.ActiveCfg = Debug|Any CPU
		{C0000002-0000-0000-0000-000000000002}.Debug|Any CPU.Build.0 = Debug|Any CPU
		{C0000002-0000-0000-0000-000000000002}.Debug|x64.ActiveCfg = Debug|Any CPU
		{C0000002-0000-0000-0000-000000000002}.Debug|x64.Build.0 = Debug|Any CPU
		{C0000002-0000-0000-0000-000000000002}.Debug|x86.ActiveCfg = Debug|Any CPU
		{C0000002-0000-0000-0000-000000000002}.Debug|x86.Build.0 = Debug|Any CPU
		{C0000002-0000-0000-0000-000000000002}.Release|Any CPU.ActiveCfg = Release|Any CPU
		{C0000002-0000-0000-0000-000000000002}.Release|Any CPU.Build.0 = Release|Any CPU
		{C0000002-0000-0000-0000-000000000002}.Release|x64.ActiveCfg = Release|Any CPU
		{C0000002-0000-0000-0000-000000000002}.Release|x64.Build.0 = Release|Any CPU
		{C0000002-0000-0000-0000-000000000002}.Release|x86.ActiveCfg = Release|Any CPU
		{C0000002-0000-0000-0000-000000000002}.Release|x86.Build.0 = Release|Any CPU
		{C0000003-0000-0000-0000-000000000003}.Debug|Any CPU.ActiveCfg = Debug|Any CPU
		{C0000003-0000-0000-0000-000000000003}.Debug|Any CPU.Build.0 = Debug|Any CPU
		{C0000003-0000-0000-0000-000000000003}.Debug|x64.ActiveCfg = Debug|Any CPU
		{C0000003-0000-0000-0000-000000000003}.Debug|x64.Build.0 = Debug|Any CPU
		{C0000003-0000-0000-0000-000000000003}.Debug|x86.ActiveCfg = Debug|Any CPU
		{C0000003-0000-0000-0000-000000000003}.Debug|x86.Build.0 = Debug|Any CPU
		{C0000003-0000-0000-0000-000000000003}.Release|Any CPU.ActiveCfg = Release|Any CPU
		{C0000003-0000-0000-0000-000000000003}.Release|Any CPU.Build.0 = Release|Any CPU
		{C0000003-0000-0000-0000-000000000003}.Release|x64.ActiveCfg = Release|Any CPU
		{C0000003-0000-0000-0000-000000000003}.Release|x64.Build.0 = Release|Any CPU
		{C0000003-0000-0000-0000-000000000003}.Release|x86.ActiveCfg = Release|Any CPU
		{C0000003-0000-0000-0000-000000000003}.Release|x86.Build.0 = Release|Any CPU
		{C0000005-0000-0000-0000-000000000005}.Debug|Any CPU.ActiveCfg = Debug|Any CPU
		{C0000005-0000-0000-0000-000000000005}.Debug|Any CPU.Build.0 = Debug|Any CPU
		{C0000005-0000-0000-0000-000000000005}.Debug|x64.ActiveCfg = Debug|Any CPU
		{C0000005-0000-0000-0000-000000000005}.Debug|x64.Build.0 = Debug|Any CPU
		{C0000005-0000-0000-0000-000000000005}.Debug|x86.ActiveCfg = Debug|Any CPU
		{C0000005-0000-0000-0000-000000000005}.Debug|x86.Build.0 = Debug|Any CPU
		{C0000005-0000-0000-0000-000000000005}.Release|Any CPU.ActiveCfg = Release|Any CPU
		{C0000005-0000-0000-0000-000000000005}.Release|Any CPU.Build.0 = Release|Any CPU
		{C0000005-0000-0000-0000-000000000005}.Release|x64.ActiveCfg = Release|Any CPU
		{C0000005-0000-0000-0000-000000000005}.Release|x64.Build.0 = Release|Any CPU
		{C0000005-0000-0000-0000-000000000005}.Release|x86.ActiveCfg = Release|Any CPU
		{C0000005-0000-0000-0000-000000000005}.Release|x86.Build.0 = Release|Any CPU
		{6C3AE8CE-8901-4066-870C-F740ADA6557B}.Debug|Any CPU.ActiveCfg = Debug|Any CPU
		{6C3AE8CE-8901-4066-870C-F740ADA6557B}.Debug|Any CPU.Build.0 = Debug|Any CPU
		{6C3AE8CE-8901-4066-870C-F740ADA6557B}.Debug|x64.ActiveCfg = Debug|Any CPU
		{6C3AE8CE-8901-4066-870C-F740ADA6557B}.Debug|x64.Build.0 = Debug|Any CPU
		{6C3AE8CE-8901-4066-870C-F740ADA6557B}.Debug|x86.ActiveCfg = Debug|Any CPU
		{6C3AE8CE-8901-4066-870C-F740ADA6557B}.Debug|x86.Build.0 = Debug|Any CPU
		{6C3AE8CE-8901-4066-870C-F740ADA6557B}.Release|Any CPU.ActiveCfg = Release|Any CPU
		{6C3AE8CE-8901-4066-870C-F740ADA6557B}.Release|Any CPU.Build.0 = Release|Any CPU
		{6C3AE8CE-8901-4066-870C-F740ADA6557B}.Release|x64.ActiveCfg = Release|Any CPU
		{6C3AE8CE-8901-4066-870C-F740ADA6557B}.Release|x64.Build.0 = Release|Any CPU
		{6C3AE8CE-8901-4066-870C-F740ADA6557B}.Release|x86.ActiveCfg = Release|Any CPU
		{6C3AE8CE-8901-4066-870C-F740ADA6557B}.Release|x86.Build.0 = Release|Any CPU
		{5CFD8B32-F0B0-4C78-B9F6-CBC52A4A7C5E}.Debug|Any CPU.ActiveCfg = Debug|Any CPU
		{5CFD8B32-F0B0-4C78-B9F6-CBC52A4A7C5E}.Debug|Any CPU.Build.0 = Debug|Any CPU
		{5CFD8B32-F0B0-4C78-B9F6-CBC52A4A7C5E}.Debug|x64.ActiveCfg = Debug|Any CPU
		{5CFD8B32-F0B0-4C78-B9F6-CBC52A4A7C5E}.Debug|x64.Build.0 = Debug|Any CPU
		{5CFD8B32-F0B0-4C78-B9F6-CBC52A4A7C5E}.Debug|x86.ActiveCfg = Debug|Any CPU
		{5CFD8B32-F0B0-4C78-B9F6-CBC52A4A7C5E}.Debug|x86.Build.0 = Debug|Any CPU
		{5CFD8B32-F0B0-4C78-B9F6-CBC52A4A7C5E}.Release|Any CPU.ActiveCfg = Release|Any CPU
		{5CFD8B32-F0B0-4C78-B9F6-CBC52A4A7C5E}.Release|Any CPU.Build.0 = Release|Any CPU
		{5CFD8B32-F0B0-4C78-B9F6-CBC52A4A7C5E}.Release|x64.ActiveCfg = Release|Any CPU
		{5CFD8B32-F0B0-4C78-B9F6-CBC52A4A7C5E}.Release|x64.Build.0 = Release|Any CPU
		{5CFD8B32-F0B0-4C78-B9F6-CBC52A4A7C5E}.Release|x86.ActiveCfg = Release|Any CPU
		{5CFD8B32-F0B0-4C78-B9F6-CBC52A4A7C5E}.Release|x86.Build.0 = Release|Any CPU
		{C549E5AD-7AD9-4382-83BC-274B5112D1A4}.Debug|Any CPU.ActiveCfg = Debug|Any CPU
		{C549E5AD-7AD9-4382-83BC-274B5112D1A4}.Debug|Any CPU.Build.0 = Debug|Any CPU
		{C549E5AD-7AD9-4382-83BC-274B5112D1A4}.Debug|x64.ActiveCfg = Debug|Any CPU
		{C549E5AD-7AD9-4382-83BC-274B5112D1A4}.Debug|x64.Build.0 = Debug|Any CPU
		{C549E5AD-7AD9-4382-83BC-274B5112D1A4}.Debug|x86.ActiveCfg = Debug|Any CPU
		{C549E5AD-7AD9-4382-83BC-274B5112D1A4}.Debug|x86.Build.0 = Debug|Any CPU
		{C549E5AD-7AD9-4382-83BC-274B5112D1A4}.Release|Any CPU.ActiveCfg = Release|Any CPU
		{C549E5AD-7AD9-4382-83BC-274B5112D1A4}.Release|Any CPU.Build.0 = Release|Any CPU
		{C549E5AD-7AD9-4382-83BC-274B5112D1A4}.Release|x64.ActiveCfg = Release|Any CPU
		{C549E5AD-7AD9-4382-83BC-274B5112D1A4}.Release|x64.Build.0 = Release|Any CPU
		{C549E5AD-7AD9-4382-83BC-274B5112D1A4}.Release|x86.ActiveCfg = Release|Any CPU
		{C549E5AD-7AD9-4382-83BC-274B5112D1A4}.Release|x86.Build.0 = Release|Any CPU
		{23D40086-5229-44AD-8001-973C1D930B8A}.Debug|Any CPU.ActiveCfg = Debug|Any CPU
		{23D40086-5229-44AD-8001-973C1D930B8A}.Debug|Any CPU.Build.0 = Debug|Any CPU
		{23D40086-5229-44AD-8001-973C1D930B8A}.Debug|x64.ActiveCfg = Debug|Any CPU
		{23D40086-5229-44AD-8001-973C1D930B8A}.Debug|x64.Build.0 = Debug|Any CPU
		{23D40086-5229-44AD-8001-973C1D930B8A}.Debug|x86.ActiveCfg = Debug|Any CPU
		{23D40086-5229-44AD-8001-973C1D930B8A}.Debug|x86.Build.0 = Debug|Any CPU
		{23D40086-5229-44AD-8001-973C1D930B8A}.Release|Any CPU.ActiveCfg = Release|Any CPU
		{23D40086-5229-44AD-8001-973C1D930B8A}.Release|Any CPU.Build.0 = Release|Any CPU
		{23D40086-5229-44AD-8001-973C1D930B8A}.Release|x64.ActiveCfg = Release|Any CPU
		{23D40086-5229-44AD-8001-973C1D930B8A}.Release|x64.Build.0 = Release|Any CPU
		{23D40086-5229-44AD-8001-973C1D930B8A}.Release|x86.ActiveCfg = Release|Any CPU
		{23D40086-5229-44AD-8001-973C1D930B8A}.Release|x86.Build.0 = Release|Any CPU
		{A2E805A6-C122-4920-9AA0-D3196745AAE4}.Debug|Any CPU.ActiveCfg = Debug|Any CPU
		{A2E805A6-C122-4920-9AA0-D3196745AAE4}.Debug|Any CPU.Build.0 = Debug|Any CPU
		{A2E805A6-C122-4920-9AA0-D3196745AAE4}.Debug|x64.ActiveCfg = Debug|Any CPU
		{A2E805A6-C122-4920-9AA0-D3196745AAE4}.Debug|x64.Build.0 = Debug|Any CPU
		{A2E805A6-C122-4920-9AA0-D3196745AAE4}.Debug|x86.ActiveCfg = Debug|Any CPU
		{A2E805A6-C122-4920-9AA0-D3196745AAE4}.Debug|x86.Build.0 = Debug|Any CPU
		{A2E805A6-C122-4920-9AA0-D3196745AAE4}.Release|Any CPU.ActiveCfg = Release|Any CPU
		{A2E805A6-C122-4920-9AA0-D3196745AAE4}.Release|Any CPU.Build.0 = Release|Any CPU
		{A2E805A6-C122-4920-9AA0-D3196745AAE4}.Release|x64.ActiveCfg = Release|Any CPU
		{A2E805A6-C122-4920-9AA0-D3196745AAE4}.Release|x64.Build.0 = Release|Any CPU
		{A2E805A6-C122-4920-9AA0-D3196745AAE4}.Release|x86.ActiveCfg = Release|Any CPU
		{A2E805A6-C122-4920-9AA0-D3196745AAE4}.Release|x86.Build.0 = Release|Any CPU
		{EA09BDD7-B6EA-4297-8C59-1B2A8142A568}.Debug|Any CPU.ActiveCfg = Debug|Any CPU
		{EA09BDD7-B6EA-4297-8C59-1B2A8142A568}.Debug|Any CPU.Build.0 = Debug|Any CPU
		{EA09BDD7-B6EA-4297-8C59-1B2A8142A568}.Debug|x64.ActiveCfg = Debug|Any CPU
		{EA09BDD7-B6EA-4297-8C59-1B2A8142A568}.Debug|x64.Build.0 = Debug|Any CPU
		{EA09BDD7-B6EA-4297-8C59-1B2A8142A568}.Debug|x86.ActiveCfg = Debug|Any CPU
		{EA09BDD7-B6EA-4297-8C59-1B2A8142A568}.Debug|x86.Build.0 = Debug|Any CPU
		{EA09BDD7-B6EA-4297-8C59-1B2A8142A568}.Release|Any CPU.ActiveCfg = Release|Any CPU
		{EA09BDD7-B6EA-4297-8C59-1B2A8142A568}.Release|Any CPU.Build.0 = Release|Any CPU
		{EA09BDD7-B6EA-4297-8C59-1B2A8142A568}.Release|x64.ActiveCfg = Release|Any CPU
		{EA09BDD7-B6EA-4297-8C59-1B2A8142A568}.Release|x64.Build.0 = Release|Any CPU
		{EA09BDD7-B6EA-4297-8C59-1B2A8142A568}.Release|x86.ActiveCfg = Release|Any CPU
		{EA09BDD7-B6EA-4297-8C59-1B2A8142A568}.Release|x86.Build.0 = Release|Any CPU
		{19DB5E22-9CCB-4B8F-AD5B-3453A074171B}.Debug|Any CPU.ActiveCfg = Debug|Any CPU
		{19DB5E22-9CCB-4B8F-AD5B-3453A074171B}.Debug|Any CPU.Build.0 = Debug|Any CPU
		{19DB5E22-9CCB-4B8F-AD5B-3453A074171B}.Debug|x64.ActiveCfg = Debug|Any CPU
		{19DB5E22-9CCB-4B8F-AD5B-3453A074171B}.Debug|x64.Build.0 = Debug|Any CPU
		{19DB5E22-9CCB-4B8F-AD5B-3453A074171B}.Debug|x86.ActiveCfg = Debug|Any CPU
		{19DB5E22-9CCB-4B8F-AD5B-3453A074171B}.Debug|x86.Build.0 = Debug|Any CPU
		{19DB5E22-9CCB-4B8F-AD5B-3453A074171B}.Release|Any CPU.ActiveCfg = Release|Any CPU
		{19DB5E22-9CCB-4B8F-AD5B-3453A074171B}.Release|Any CPU.Build.0 = Release|Any CPU
		{19DB5E22-9CCB-4B8F-AD5B-3453A074171B}.Release|x64.ActiveCfg = Release|Any CPU
		{19DB5E22-9CCB-4B8F-AD5B-3453A074171B}.Release|x64.Build.0 = Release|Any CPU
		{19DB5E22-9CCB-4B8F-AD5B-3453A074171B}.Release|x86.ActiveCfg = Release|Any CPU
		{19DB5E22-9CCB-4B8F-AD5B-3453A074171B}.Release|x86.Build.0 = Release|Any CPU
		{F2CB650C-9C74-4D01-9454-B6A0E702652B}.Debug|Any CPU.ActiveCfg = Debug|Any CPU
		{F2CB650C-9C74-4D01-9454-B6A0E702652B}.Debug|Any CPU.Build.0 = Debug|Any CPU
		{F2CB650C-9C74-4D01-9454-B6A0E702652B}.Debug|x64.ActiveCfg = Debug|Any CPU
		{F2CB650C-9C74-4D01-9454-B6A0E702652B}.Debug|x64.Build.0 = Debug|Any CPU
		{F2CB650C-9C74-4D01-9454-B6A0E702652B}.Debug|x86.ActiveCfg = Debug|Any CPU
		{F2CB650C-9C74-4D01-9454-B6A0E702652B}.Debug|x86.Build.0 = Debug|Any CPU
		{F2CB650C-9C74-4D01-9454-B6A0E702652B}.Release|Any CPU.ActiveCfg = Release|Any CPU
		{F2CB650C-9C74-4D01-9454-B6A0E702652B}.Release|Any CPU.Build.0 = Release|Any CPU
		{F2CB650C-9C74-4D01-9454-B6A0E702652B}.Release|x64.ActiveCfg = Release|Any CPU
		{F2CB650C-9C74-4D01-9454-B6A0E702652B}.Release|x64.Build.0 = Release|Any CPU
		{F2CB650C-9C74-4D01-9454-B6A0E702652B}.Release|x86.ActiveCfg = Release|Any CPU
		{F2CB650C-9C74-4D01-9454-B6A0E702652B}.Release|x86.Build.0 = Release|Any CPU
		{6F32B497-59FE-4A64-931A-3F29E209E3BE}.Debug|Any CPU.ActiveCfg = Debug|Any CPU
		{6F32B497-59FE-4A64-931A-3F29E209E3BE}.Debug|Any CPU.Build.0 = Debug|Any CPU
		{6F32B497-59FE-4A64-931A-3F29E209E3BE}.Debug|x64.ActiveCfg = Debug|Any CPU
		{6F32B497-59FE-4A64-931A-3F29E209E3BE}.Debug|x64.Build.0 = Debug|Any CPU
		{6F32B497-59FE-4A64-931A-3F29E209E3BE}.Debug|x86.ActiveCfg = Debug|Any CPU
		{6F32B497-59FE-4A64-931A-3F29E209E3BE}.Debug|x86.Build.0 = Debug|Any CPU
		{6F32B497-59FE-4A64-931A-3F29E209E3BE}.Release|Any CPU.ActiveCfg = Release|Any CPU
		{6F32B497-59FE-4A64-931A-3F29E209E3BE}.Release|Any CPU.Build.0 = Release|Any CPU
		{6F32B497-59FE-4A64-931A-3F29E209E3BE}.Release|x64.ActiveCfg = Release|Any CPU
		{6F32B497-59FE-4A64-931A-3F29E209E3BE}.Release|x64.Build.0 = Release|Any CPU
		{6F32B497-59FE-4A64-931A-3F29E209E3BE}.Release|x86.ActiveCfg = Release|Any CPU
		{6F32B497-59FE-4A64-931A-3F29E209E3BE}.Release|x86.Build.0 = Release|Any CPU
		{E3AE4324-ED5D-4A91-ABC1-7E87866BDDC9}.Debug|Any CPU.ActiveCfg = Debug|Any CPU
		{E3AE4324-ED5D-4A91-ABC1-7E87866BDDC9}.Debug|Any CPU.Build.0 = Debug|Any CPU
		{E3AE4324-ED5D-4A91-ABC1-7E87866BDDC9}.Debug|x64.ActiveCfg = Debug|Any CPU
		{E3AE4324-ED5D-4A91-ABC1-7E87866BDDC9}.Debug|x64.Build.0 = Debug|Any CPU
		{E3AE4324-ED5D-4A91-ABC1-7E87866BDDC9}.Debug|x86.ActiveCfg = Debug|Any CPU
		{E3AE4324-ED5D-4A91-ABC1-7E87866BDDC9}.Debug|x86.Build.0 = Debug|Any CPU
		{E3AE4324-ED5D-4A91-ABC1-7E87866BDDC9}.Release|Any CPU.ActiveCfg = Release|Any CPU
		{E3AE4324-ED5D-4A91-ABC1-7E87866BDDC9}.Release|Any CPU.Build.0 = Release|Any CPU
		{E3AE4324-ED5D-4A91-ABC1-7E87866BDDC9}.Release|x64.ActiveCfg = Release|Any CPU
		{E3AE4324-ED5D-4A91-ABC1-7E87866BDDC9}.Release|x64.Build.0 = Release|Any CPU
		{E3AE4324-ED5D-4A91-ABC1-7E87866BDDC9}.Release|x86.ActiveCfg = Release|Any CPU
		{E3AE4324-ED5D-4A91-ABC1-7E87866BDDC9}.Release|x86.Build.0 = Release|Any CPU
		{828529CF-90F5-4DAC-A495-DEC7A4B77C7B}.Debug|Any CPU.ActiveCfg = Debug|Any CPU
		{828529CF-90F5-4DAC-A495-DEC7A4B77C7B}.Debug|Any CPU.Build.0 = Debug|Any CPU
		{828529CF-90F5-4DAC-A495-DEC7A4B77C7B}.Debug|x64.ActiveCfg = Debug|Any CPU
		{828529CF-90F5-4DAC-A495-DEC7A4B77C7B}.Debug|x64.Build.0 = Debug|Any CPU
		{828529CF-90F5-4DAC-A495-DEC7A4B77C7B}.Debug|x86.ActiveCfg = Debug|Any CPU
		{828529CF-90F5-4DAC-A495-DEC7A4B77C7B}.Debug|x86.Build.0 = Debug|Any CPU
		{828529CF-90F5-4DAC-A495-DEC7A4B77C7B}.Release|Any CPU.ActiveCfg = Release|Any CPU
		{828529CF-90F5-4DAC-A495-DEC7A4B77C7B}.Release|Any CPU.Build.0 = Release|Any CPU
		{828529CF-90F5-4DAC-A495-DEC7A4B77C7B}.Release|x64.ActiveCfg = Release|Any CPU
		{828529CF-90F5-4DAC-A495-DEC7A4B77C7B}.Release|x64.Build.0 = Release|Any CPU
		{828529CF-90F5-4DAC-A495-DEC7A4B77C7B}.Release|x86.ActiveCfg = Release|Any CPU
		{828529CF-90F5-4DAC-A495-DEC7A4B77C7B}.Release|x86.Build.0 = Release|Any CPU
		{75C83091-8788-479E-AE90-CFB1402DF352}.Debug|Any CPU.ActiveCfg = Debug|Any CPU
		{75C83091-8788-479E-AE90-CFB1402DF352}.Debug|Any CPU.Build.0 = Debug|Any CPU
		{75C83091-8788-479E-AE90-CFB1402DF352}.Debug|x64.ActiveCfg = Debug|Any CPU
		{75C83091-8788-479E-AE90-CFB1402DF352}.Debug|x64.Build.0 = Debug|Any CPU
		{75C83091-8788-479E-AE90-CFB1402DF352}.Debug|x86.ActiveCfg = Debug|Any CPU
		{75C83091-8788-479E-AE90-CFB1402DF352}.Debug|x86.Build.0 = Debug|Any CPU
		{75C83091-8788-479E-AE90-CFB1402DF352}.Release|Any CPU.ActiveCfg = Release|Any CPU
		{75C83091-8788-479E-AE90-CFB1402DF352}.Release|Any CPU.Build.0 = Release|Any CPU
		{75C83091-8788-479E-AE90-CFB1402DF352}.Release|x64.ActiveCfg = Release|Any CPU
		{75C83091-8788-479E-AE90-CFB1402DF352}.Release|x64.Build.0 = Release|Any CPU
		{75C83091-8788-479E-AE90-CFB1402DF352}.Release|x86.ActiveCfg = Release|Any CPU
		{75C83091-8788-479E-AE90-CFB1402DF352}.Release|x86.Build.0 = Release|Any CPU
		{B63FBA42-664B-429B-B5D0-A18CC5DA8CE2}.Debug|Any CPU.ActiveCfg = Debug|Any CPU
		{B63FBA42-664B-429B-B5D0-A18CC5DA8CE2}.Debug|Any CPU.Build.0 = Debug|Any CPU
		{B63FBA42-664B-429B-B5D0-A18CC5DA8CE2}.Debug|x64.ActiveCfg = Debug|Any CPU
		{B63FBA42-664B-429B-B5D0-A18CC5DA8CE2}.Debug|x64.Build.0 = Debug|Any CPU
		{B63FBA42-664B-429B-B5D0-A18CC5DA8CE2}.Debug|x86.ActiveCfg = Debug|Any CPU
		{B63FBA42-664B-429B-B5D0-A18CC5DA8CE2}.Debug|x86.Build.0 = Debug|Any CPU
		{B63FBA42-664B-429B-B5D0-A18CC5DA8CE2}.Release|Any CPU.ActiveCfg = Release|Any CPU
		{B63FBA42-664B-429B-B5D0-A18CC5DA8CE2}.Release|Any CPU.Build.0 = Release|Any CPU
		{B63FBA42-664B-429B-B5D0-A18CC5DA8CE2}.Release|x64.ActiveCfg = Release|Any CPU
		{B63FBA42-664B-429B-B5D0-A18CC5DA8CE2}.Release|x64.Build.0 = Release|Any CPU
		{B63FBA42-664B-429B-B5D0-A18CC5DA8CE2}.Release|x86.ActiveCfg = Release|Any CPU
		{B63FBA42-664B-429B-B5D0-A18CC5DA8CE2}.Release|x86.Build.0 = Release|Any CPU
		{90E2ABF9-4939-4C04-BCA6-307070A5E607}.Debug|Any CPU.ActiveCfg = Debug|Any CPU
		{90E2ABF9-4939-4C04-BCA6-307070A5E607}.Debug|Any CPU.Build.0 = Debug|Any CPU
		{90E2ABF9-4939-4C04-BCA6-307070A5E607}.Debug|x64.ActiveCfg = Debug|Any CPU
		{90E2ABF9-4939-4C04-BCA6-307070A5E607}.Debug|x64.Build.0 = Debug|Any CPU
		{90E2ABF9-4939-4C04-BCA6-307070A5E607}.Debug|x86.ActiveCfg = Debug|Any CPU
		{90E2ABF9-4939-4C04-BCA6-307070A5E607}.Debug|x86.Build.0 = Debug|Any CPU
		{90E2ABF9-4939-4C04-BCA6-307070A5E607}.Release|Any CPU.ActiveCfg = Release|Any CPU
		{90E2ABF9-4939-4C04-BCA6-307070A5E607}.Release|Any CPU.Build.0 = Release|Any CPU
		{90E2ABF9-4939-4C04-BCA6-307070A5E607}.Release|x64.ActiveCfg = Release|Any CPU
		{90E2ABF9-4939-4C04-BCA6-307070A5E607}.Release|x64.Build.0 = Release|Any CPU
		{90E2ABF9-4939-4C04-BCA6-307070A5E607}.Release|x86.ActiveCfg = Release|Any CPU
		{90E2ABF9-4939-4C04-BCA6-307070A5E607}.Release|x86.Build.0 = Release|Any CPU
		{388CE226-AB54-48B0-8BCC-1C6D19BBAE24}.Debug|Any CPU.ActiveCfg = Debug|Any CPU
		{388CE226-AB54-48B0-8BCC-1C6D19BBAE24}.Debug|Any CPU.Build.0 = Debug|Any CPU
		{388CE226-AB54-48B0-8BCC-1C6D19BBAE24}.Debug|x64.ActiveCfg = Debug|Any CPU
		{388CE226-AB54-48B0-8BCC-1C6D19BBAE24}.Debug|x64.Build.0 = Debug|Any CPU
		{388CE226-AB54-48B0-8BCC-1C6D19BBAE24}.Debug|x86.ActiveCfg = Debug|Any CPU
		{388CE226-AB54-48B0-8BCC-1C6D19BBAE24}.Debug|x86.Build.0 = Debug|Any CPU
		{388CE226-AB54-48B0-8BCC-1C6D19BBAE24}.Release|Any CPU.ActiveCfg = Release|Any CPU
		{388CE226-AB54-48B0-8BCC-1C6D19BBAE24}.Release|Any CPU.Build.0 = Release|Any CPU
		{388CE226-AB54-48B0-8BCC-1C6D19BBAE24}.Release|x64.ActiveCfg = Release|Any CPU
		{388CE226-AB54-48B0-8BCC-1C6D19BBAE24}.Release|x64.Build.0 = Release|Any CPU
		{388CE226-AB54-48B0-8BCC-1C6D19BBAE24}.Release|x86.ActiveCfg = Release|Any CPU
		{388CE226-AB54-48B0-8BCC-1C6D19BBAE24}.Release|x86.Build.0 = Release|Any CPU
		{B3206547-A6FE-4206-AB38-3FFFA67B67C7}.Debug|Any CPU.ActiveCfg = Debug|Any CPU
		{B3206547-A6FE-4206-AB38-3FFFA67B67C7}.Debug|Any CPU.Build.0 = Debug|Any CPU
		{B3206547-A6FE-4206-AB38-3FFFA67B67C7}.Debug|x64.ActiveCfg = Debug|Any CPU
		{B3206547-A6FE-4206-AB38-3FFFA67B67C7}.Debug|x64.Build.0 = Debug|Any CPU
		{B3206547-A6FE-4206-AB38-3FFFA67B67C7}.Debug|x86.ActiveCfg = Debug|Any CPU
		{B3206547-A6FE-4206-AB38-3FFFA67B67C7}.Debug|x86.Build.0 = Debug|Any CPU
		{B3206547-A6FE-4206-AB38-3FFFA67B67C7}.Release|Any CPU.ActiveCfg = Release|Any CPU
		{B3206547-A6FE-4206-AB38-3FFFA67B67C7}.Release|Any CPU.Build.0 = Release|Any CPU
		{B3206547-A6FE-4206-AB38-3FFFA67B67C7}.Release|x64.ActiveCfg = Release|Any CPU
		{B3206547-A6FE-4206-AB38-3FFFA67B67C7}.Release|x64.Build.0 = Release|Any CPU
		{B3206547-A6FE-4206-AB38-3FFFA67B67C7}.Release|x86.ActiveCfg = Release|Any CPU
		{B3206547-A6FE-4206-AB38-3FFFA67B67C7}.Release|x86.Build.0 = Release|Any CPU
		{0C60CACB-41F6-48BC-967B-352322C1A6C2}.Debug|Any CPU.ActiveCfg = Debug|Any CPU
		{0C60CACB-41F6-48BC-967B-352322C1A6C2}.Debug|Any CPU.Build.0 = Debug|Any CPU
		{0C60CACB-41F6-48BC-967B-352322C1A6C2}.Debug|x64.ActiveCfg = Debug|Any CPU
		{0C60CACB-41F6-48BC-967B-352322C1A6C2}.Debug|x64.Build.0 = Debug|Any CPU
		{0C60CACB-41F6-48BC-967B-352322C1A6C2}.Debug|x86.ActiveCfg = Debug|Any CPU
		{0C60CACB-41F6-48BC-967B-352322C1A6C2}.Debug|x86.Build.0 = Debug|Any CPU
		{0C60CACB-41F6-48BC-967B-352322C1A6C2}.Release|Any CPU.ActiveCfg = Release|Any CPU
		{0C60CACB-41F6-48BC-967B-352322C1A6C2}.Release|Any CPU.Build.0 = Release|Any CPU
		{0C60CACB-41F6-48BC-967B-352322C1A6C2}.Release|x64.ActiveCfg = Release|Any CPU
		{0C60CACB-41F6-48BC-967B-352322C1A6C2}.Release|x64.Build.0 = Release|Any CPU
		{0C60CACB-41F6-48BC-967B-352322C1A6C2}.Release|x86.ActiveCfg = Release|Any CPU
		{0C60CACB-41F6-48BC-967B-352322C1A6C2}.Release|x86.Build.0 = Release|Any CPU
	EndGlobalSection
	GlobalSection(SolutionProperties) = preSolution
		HideSolutionNode = FALSE
	EndGlobalSection
	GlobalSection(NestedProjects) = preSolution
		{A0000003-0000-0000-0000-000000000003} = {A0000002-0000-0000-0000-000000000002}
		{B0000001-0000-0000-0000-000000000001} = {A0000001-0000-0000-0000-000000000001}
		{B0000002-0000-0000-0000-000000000002} = {A0000003-0000-0000-0000-000000000003}
		{B0000003-0000-0000-0000-000000000003} = {A0000003-0000-0000-0000-000000000003}
		{B0000004-0000-0000-0000-000000000004} = {A0000003-0000-0000-0000-000000000003}
		{B0000006-0000-0000-0000-000000000006} = {A0000002-0000-0000-0000-000000000002}
		{B0000007-0000-0000-0000-000000000007} = {A0000002-0000-0000-0000-000000000002}
		{7343B46B-4CB1-93A0-F6C0-0EF30469260B} = {A0000002-0000-0000-0000-000000000002}
		{6C45D127-C5ED-40B1-A15E-4B4AD1B6B876} = {7343B46B-4CB1-93A0-F6C0-0EF30469260B}
		{FE0FA9DD-F3AC-42AD-B58D-9CE9A959EFAF} = {7343B46B-4CB1-93A0-F6C0-0EF30469260B}
		{2D450C29-54C5-4761-A6FF-BA3F62A7864E} = {7343B46B-4CB1-93A0-F6C0-0EF30469260B}
		{6024C9B6-A73F-4A0E-A40C-68E288125B61} = {A0000002-0000-0000-0000-000000000002}
		{A0000004-0000-0000-0000-000000000004} = {A0000002-0000-0000-0000-000000000002}
		{C0000001-0000-0000-0000-000000000001} = {A0000004-0000-0000-0000-000000000004}
		{C0000002-0000-0000-0000-000000000002} = {A0000004-0000-0000-0000-000000000004}
		{C0000003-0000-0000-0000-000000000003} = {A0000004-0000-0000-0000-000000000004}
		{C0000005-0000-0000-0000-000000000005} = {A0000002-0000-0000-0000-000000000002}
		{9F85CBE9-ED8F-89AC-61B7-6ACD3FAAC367} = {A0000002-0000-0000-0000-000000000002}
		{6C3AE8CE-8901-4066-870C-F740ADA6557B} = {9F85CBE9-ED8F-89AC-61B7-6ACD3FAAC367}
		{5CFD8B32-F0B0-4C78-B9F6-CBC52A4A7C5E} = {9F85CBE9-ED8F-89AC-61B7-6ACD3FAAC367}
		{C549E5AD-7AD9-4382-83BC-274B5112D1A4} = {9F85CBE9-ED8F-89AC-61B7-6ACD3FAAC367}
		{23D40086-5229-44AD-8001-973C1D930B8A} = {A0000002-0000-0000-0000-000000000002}
		{984BB9B3-3FA3-BE33-9484-CAC21695A33C} = {827E0CD3-B72D-47B6-A68D-7590B98EB39B}
		{F5569D29-88C6-1A56-8ECC-9611DD5E4DA5} = {984BB9B3-3FA3-BE33-9484-CAC21695A33C}
		{47931FAB-DBE1-FD8F-0AFF-2CD4B99C52C4} = {984BB9B3-3FA3-BE33-9484-CAC21695A33C}
		{A2E805A6-C122-4920-9AA0-D3196745AAE4} = {47931FAB-DBE1-FD8F-0AFF-2CD4B99C52C4}
		{EA09BDD7-B6EA-4297-8C59-1B2A8142A568} = {47931FAB-DBE1-FD8F-0AFF-2CD4B99C52C4}
		{19DB5E22-9CCB-4B8F-AD5B-3453A074171B} = {47931FAB-DBE1-FD8F-0AFF-2CD4B99C52C4}
		{F2CB650C-9C74-4D01-9454-B6A0E702652B} = {47931FAB-DBE1-FD8F-0AFF-2CD4B99C52C4}
		{6F32B497-59FE-4A64-931A-3F29E209E3BE} = {F5569D29-88C6-1A56-8ECC-9611DD5E4DA5}
		{DCB6FCB8-FF92-AC57-0842-1F72A354D6B1} = {827E0CD3-B72D-47B6-A68D-7590B98EB39B}
		{E3AE4324-ED5D-4A91-ABC1-7E87866BDDC9} = {DCB6FCB8-FF92-AC57-0842-1F72A354D6B1}
		{828529CF-90F5-4DAC-A495-DEC7A4B77C7B} = {DCB6FCB8-FF92-AC57-0842-1F72A354D6B1}
		{7642D900-ADAD-1CAC-4B90-7F5BCE7E3557} = {A0000002-0000-0000-0000-000000000002}
		{75C83091-8788-479E-AE90-CFB1402DF352} = {7642D900-ADAD-1CAC-4B90-7F5BCE7E3557}
		{6690B316-CA40-9031-825D-EB41E652A003} = {A0000002-0000-0000-0000-000000000002}
		{B63FBA42-664B-429B-B5D0-A18CC5DA8CE2} = {6690B316-CA40-9031-825D-EB41E652A003}
		{90E2ABF9-4939-4C04-BCA6-307070A5E607} = {6690B316-CA40-9031-825D-EB41E652A003}
		{388CE226-AB54-48B0-8BCC-1C6D19BBAE24} = {6690B316-CA40-9031-825D-EB41E652A003}
		{B3206547-A6FE-4206-AB38-3FFFA67B67C7} = {A0000002-0000-0000-0000-000000000002}
		{0C60CACB-41F6-48BC-967B-352322C1A6C2} = {A0000002-0000-0000-0000-000000000002}
	EndGlobalSection
EndGlobal
